
Microsoft Visual Studio Solution File, Format Version 12.00
# Visual Studio Version 17
VisualStudioVersion = 17.9.34607.119
MinimumVisualStudioVersion = 10.0.40219.1
Project("{FAE04EC0-301F-11D3-BF4B-00C04F79EFBC}") = "classApp2", "classApp2.csproj", "{284D93A0-22B7-408D-BF1F-565BA4F89198}"
EndProject
Global
	GlobalSection(SolutionConfigurationPlatforms) = preSolution
		Debug|Any CPU = Debug|Any CPU
		Release|Any CPU = Release|Any CPU
	EndGlobalSection
	GlobalSection(ProjectConfigurationPlatforms) = postSolution
		{284D93A0-22B7-408D-BF1F-565BA4F89198}.Debug|Any CPU.ActiveCfg = Debug|Any CPU
		{284D93A0-22B7-408D-BF1F-565BA4F89198}.Debug|Any CPU.Build.0 = Debug|Any CPU
		{284D93A0-22B7-408D-BF1F-565BA4F89198}.Release|Any CPU.ActiveCfg = Release|Any CPU
		{284D93A0-22B7-408D-BF1F-565BA4F89198}.Release|Any CPU.Build.0 = Release|Any CPU
	EndGlobalSection
	GlobalSection(SolutionProperties) = preSolution
		HideSolutionNode = FALSE
	EndGlobalSection
	GlobalSection(ExtensibilityGlobals) = postSolution
		SolutionGuid = {512B1D15-8FEB-49C1-9680-91CE0BCC9211}
	EndGlobalSection
EndGlobal
